// !$*UTF8*$!
{
	archiveVersion = 1;
	classes = {
	};
	objectVersion = 46;
	objects = {

/* Begin PBXBuildFile section */
		6FC8463E1E7D328D004783EA /* AppDelegate.swift in Sources */ = {isa = PBXBuildFile; fileRef = 6FC8463D1E7D328D004783EA /* AppDelegate.swift */; };
		6FC846401E7D328D004783EA /* ViewController.swift in Sources */ = {isa = PBXBuildFile; fileRef = 6FC8463F1E7D328D004783EA /* ViewController.swift */; };
		6FC846431E7D328D004783EA /* Main.storyboard in Resources */ = {isa = PBXBuildFile; fileRef = 6FC846411E7D328D004783EA /* Main.storyboard */; };
		6FC846461E7D328D004783EA /* QRCode.xcdatamodeld in Sources */ = {isa = PBXBuildFile; fileRef = 6FC846441E7D328D004783EA /* QRCode.xcdatamodeld */; };
		6FC846481E7D328E004783EA /* Assets.xcassets in Resources */ = {isa = PBXBuildFile; fileRef = 6FC846471E7D328E004783EA /* Assets.xcassets */; };
		6FC8464B1E7D328E004783EA /* LaunchScreen.storyboard in Resources */ = {isa = PBXBuildFile; fileRef = 6FC846491E7D328E004783EA /* LaunchScreen.storyboard */; };
		6FC846561E7D328E004783EA /* QRCodeTests.swift in Sources */ = {isa = PBXBuildFile; fileRef = 6FC846551E7D328E004783EA /* QRCodeTests.swift */; };
		6FC846611E7D328E004783EA /* QRCodeUITests.swift in Sources */ = {isa = PBXBuildFile; fileRef = 6FC846601E7D328E004783EA /* QRCodeUITests.swift */; };
		6FC846711E7D32E6004783EA /* ScannerBackgroundView.swift in Sources */ = {isa = PBXBuildFile; fileRef = 6FC8466E1E7D32E6004783EA /* ScannerBackgroundView.swift */; };
		6FC846721E7D32E6004783EA /* ScannerViewController.swift in Sources */ = {isa = PBXBuildFile; fileRef = 6FC8466F1E7D32E6004783EA /* ScannerViewController.swift */; };
		6FC846731E7D32E6004783EA /* WebViewController.swift in Sources */ = {isa = PBXBuildFile; fileRef = 6FC846701E7D32E6004783EA /* WebViewController.swift */; };
/* End PBXBuildFile section */

/* Begin PBXContainerItemProxy section */
		6FC846521E7D328E004783EA /* PBXContainerItemProxy */ = {
			isa = PBXContainerItemProxy;
			containerPortal = 6FC846321E7D328D004783EA /* Project object */;
			proxyType = 1;
			remoteGlobalIDString = 6FC846391E7D328D004783EA;
			remoteInfo = QRCode;
		};
		6FC8465D1E7D328E004783EA /* PBXContainerItemProxy */ = {
			isa = PBXContainerItemProxy;
			containerPortal = 6FC846321E7D328D004783EA /* Project object */;
			proxyType = 1;
			remoteGlobalIDString = 6FC846391E7D328D004783EA;
			remoteInfo = QRCode;
		};
/* End PBXContainerItemProxy section */

/* Begin PBXFileReference section */
		6FC8463A1E7D328D004783EA /* QRCode.app */ = {isa = PBXFileReference; explicitFileType = wrapper.application; includeInIndex = 0; path = QRCode.app; sourceTree = BUILT_PRODUCTS_DIR; };
		6FC8463D1E7D328D004783EA /* AppDelegate.swift */ = {isa = PBXFileReference; lastKnownFileType = sourcecode.swift; path = AppDelegate.swift; sourceTree = "<group>"; };
		6FC8463F1E7D328D004783EA /* ViewController.swift */ = {isa = PBXFileReference; lastKnownFileType = sourcecode.swift; path = ViewController.swift; sourceTree = "<group>"; };
		6FC846421E7D328D004783EA /* Base */ = {isa = PBXFileReference; lastKnownFileType = file.storyboard; name = Base; path = Base.lproj/Main.storyboard; sourceTree = "<group>"; };
		6FC846451E7D328D004783EA /* QRCode.xcdatamodel */ = {isa = PBXFileReference; lastKnownFileType = wrapper.xcdatamodel; path = QRCode.xcdatamodel; sourceTree = "<group>"; };
		6FC846471E7D328E004783EA /* Assets.xcassets */ = {isa = PBXFileReference; lastKnownFileType = folder.assetcatalog; path = Assets.xcassets; sourceTree = "<group>"; };
		6FC8464A1E7D328E004783EA /* Base */ = {isa = PBXFileReference; lastKnownFileType = file.storyboard; name = Base; path = Base.lproj/LaunchScreen.storyboard; sourceTree = "<group>"; };
		6FC8464C1E7D328E004783EA /* Info.plist */ = {isa = PBXFileReference; lastKnownFileType = text.plist.xml; path = Info.plist; sourceTree = "<group>"; };
		6FC846511E7D328E004783EA /* QRCodeTests.xctest */ = {isa = PBXFileReference; explicitFileType = wrapper.cfbundle; includeInIndex = 0; path = QRCodeTests.xctest; sourceTree = BUILT_PRODUCTS_DIR; };
		6FC846551E7D328E004783EA /* QRCodeTests.swift */ = {isa = PBXFileReference; lastKnownFileType = sourcecode.swift; path = QRCodeTests.swift; sourceTree = "<group>"; };
		6FC846571E7D328E004783EA /* Info.plist */ = {isa = PBXFileReference; lastKnownFileType = text.plist.xml; path = Info.plist; sourceTree = "<group>"; };
		6FC8465C1E7D328E004783EA /* QRCodeUITests.xctest */ = {isa = PBXFileReference; explicitFileType = wrapper.cfbundle; includeInIndex = 0; path = QRCodeUITests.xctest; sourceTree = BUILT_PRODUCTS_DIR; };
		6FC846601E7D328E004783EA /* QRCodeUITests.swift */ = {isa = PBXFileReference; lastKnownFileType = sourcecode.swift; path = QRCodeUITests.swift; sourceTree = "<group>"; };
		6FC846621E7D328E004783EA /* Info.plist */ = {isa = PBXFileReference; lastKnownFileType = text.plist.xml; path = Info.plist; sourceTree = "<group>"; };
		6FC8466E1E7D32E6004783EA /* ScannerBackgroundView.swift */ = {isa = PBXFileReference; fileEncoding = 4; lastKnownFileType = sourcecode.swift; path = ScannerBackgroundView.swift; sourceTree = "<group>"; };
		6FC8466F1E7D32E6004783EA /* ScannerViewController.swift */ = {isa = PBXFileReference; fileEncoding = 4; lastKnownFileType = sourcecode.swift; path = ScannerViewController.swift; sourceTree = "<group>"; };
		6FC846701E7D32E6004783EA /* WebViewController.swift */ = {isa = PBXFileReference; fileEncoding = 4; lastKnownFileType = sourcecode.swift; path = WebViewController.swift; sourceTree = "<group>"; };
/* End PBXFileReference section */

/* Begin PBXFrameworksBuildPhase section */
		6FC846371E7D328D004783EA /* Frameworks */ = {
			isa = PBXFrameworksBuildPhase;
			buildActionMask = 2147483647;
			files = (
			);
			runOnlyForDeploymentPostprocessing = 0;
		};
		6FC8464E1E7D328E004783EA /* Frameworks */ = {
			isa = PBXFrameworksBuildPhase;
			buildActionMask = 2147483647;
			files = (
			);
			runOnlyForDeploymentPostprocessing = 0;
		};
		6FC846591E7D328E004783EA /* Frameworks */ = {
			isa = PBXFrameworksBuildPhase;
			buildActionMask = 2147483647;
			files = (
			);
			runOnlyForDeploymentPostprocessing = 0;
		};
/* End PBXFrameworksBuildPhase section */

/* Begin PBXGroup section */
		6FC846311E7D328D004783EA = {
			isa = PBXGroup;
			children = (
				6FC8463C1E7D328D004783EA /* QRCode */,
				6FC846541E7D328E004783EA /* QRCodeTests */,
				6FC8465F1E7D328E004783EA /* QRCodeUITests */,
				6FC8463B1E7D328D004783EA /* Products */,
			);
			sourceTree = "<group>";
		};
		6FC8463B1E7D328D004783EA /* Products */ = {
			isa = PBXGroup;
			children = (
				6FC8463A1E7D328D004783EA /* QRCode.app */,
				6FC846511E7D328E004783EA /* QRCodeTests.xctest */,
				6FC8465C1E7D328E004783EA /* QRCodeUITests.xctest */,
			);
			name = Products;
			sourceTree = "<group>";
		};
		6FC8463C1E7D328D004783EA /* QRCode */ = {
			isa = PBXGroup;
			children = (
				6FC8466E1E7D32E6004783EA /* ScannerBackgroundView.swift */,
				6FC8466F1E7D32E6004783EA /* ScannerViewController.swift */,
				6FC846701E7D32E6004783EA /* WebViewController.swift */,
				6FC8463D1E7D328D004783EA /* AppDelegate.swift */,
				6FC8463F1E7D328D004783EA /* ViewController.swift */,
				6FC846411E7D328D004783EA /* Main.storyboard */,
				6FC846471E7D328E004783EA /* Assets.xcassets */,
				6FC846491E7D328E004783EA /* LaunchScreen.storyboard */,
				6FC8464C1E7D328E004783EA /* Info.plist */,
				6FC846441E7D328D004783EA /* QRCode.xcdatamodeld */,
			);
			path = QRCode;
			sourceTree = "<group>";
		};
		6FC846541E7D328E004783EA /* QRCodeTests */ = {
			isa = PBXGroup;
			children = (
				6FC846551E7D328E004783EA /* QRCodeTests.swift */,
				6FC846571E7D328E004783EA /* Info.plist */,
			);
			path = QRCodeTests;
			sourceTree = "<group>";
		};
		6FC8465F1E7D328E004783EA /* QRCodeUITests */ = {
			isa = PBXGroup;
			children = (
				6FC846601E7D328E004783EA /* QRCodeUITests.swift */,
				6FC846621E7D328E004783EA /* Info.plist */,
			);
			path = QRCodeUITests;
			sourceTree = "<group>";
		};
/* End PBXGroup section */

/* Begin PBXNativeTarget section */
		6FC846391E7D328D004783EA /* QRCode */ = {
			isa = PBXNativeTarget;
			buildConfigurationList = 6FC846651E7D328E004783EA /* Build configuration list for PBXNativeTarget "QRCode" */;
			buildPhases = (
				6FC846361E7D328D004783EA /* Sources */,
				6FC846371E7D328D004783EA /* Frameworks */,
				6FC846381E7D328D004783EA /* Resources */,
			);
			buildRules = (
			);
			dependencies = (
			);
			name = QRCode;
			productName = QRCode;
			productReference = 6FC8463A1E7D328D004783EA /* QRCode.app */;
			productType = "com.apple.product-type.application";
		};
		6FC846501E7D328E004783EA /* QRCodeTests */ = {
			isa = PBXNativeTarget;
			buildConfigurationList = 6FC846681E7D328E004783EA /* Build configuration list for PBXNativeTarget "QRCodeTests" */;
			buildPhases = (
				6FC8464D1E7D328E004783EA /* Sources */,
				6FC8464E1E7D328E004783EA /* Frameworks */,
				6FC8464F1E7D328E004783EA /* Resources */,
			);
			buildRules = (
			);
			dependencies = (
				6FC846531E7D328E004783EA /* PBXTargetDependency */,
			);
			name = QRCodeTests;
			productName = QRCodeTests;
			productReference = 6FC846511E7D328E004783EA /* QRCodeTests.xctest */;
			productType = "com.apple.product-type.bundle.unit-test";
		};
		6FC8465B1E7D328E004783EA /* QRCodeUITests */ = {
			isa = PBXNativeTarget;
			buildConfigurationList = 6FC8466B1E7D328E004783EA /* Build configuration list for PBXNativeTarget "QRCodeUITests" */;
			buildPhases = (
				6FC846581E7D328E004783EA /* Sources */,
				6FC846591E7D328E004783EA /* Frameworks */,
				6FC8465A1E7D328E004783EA /* Resources */,
			);
			buildRules = (
			);
			dependencies = (
				6FC8465E1E7D328E004783EA /* PBXTargetDependency */,
			);
			name = QRCodeUITests;
			productName = QRCodeUITests;
			productReference = 6FC8465C1E7D328E004783EA /* QRCodeUITests.xctest */;
			productType = "com.apple.product-type.bundle.ui-testing";
		};
/* End PBXNativeTarget section */

/* Begin PBXProject section */
		6FC846321E7D328D004783EA /* Project object */ = {
			isa = PBXProject;
			attributes = {
				LastSwiftUpdateCheck = 0820;
				LastUpgradeCheck = 0820;
				ORGANIZATIONNAME = MJBaby;
				TargetAttributes = {
					6FC846391E7D328D004783EA = {
						CreatedOnToolsVersion = 8.2.1;
						DevelopmentTeam = X69H552D76;
						ProvisioningStyle = Automatic;
					};
					6FC846501E7D328E004783EA = {
						CreatedOnToolsVersion = 8.2.1;
						ProvisioningStyle = Automatic;
						TestTargetID = 6FC846391E7D328D004783EA;
					};
					6FC8465B1E7D328E004783EA = {
						CreatedOnToolsVersion = 8.2.1;
						ProvisioningStyle = Automatic;
						TestTargetID = 6FC846391E7D328D004783EA;
					};
				};
			};
			buildConfigurationList = 6FC846351E7D328D004783EA /* Build configuration list for PBXProject "QRCode" */;
			compatibilityVersion = "Xcode 3.2";
			developmentRegion = English;
			hasScannedForEncodings = 0;
			knownRegions = (
				en,
				Base,
			);
			mainGroup = 6FC846311E7D328D004783EA;
			productRefGroup = 6FC8463B1E7D328D004783EA /* Products */;
			projectDirPath = "";
			projectRoot = "";
			targets = (
				6FC846391E7D328D004783EA /* QRCode */,
				6FC846501E7D328E004783EA /* QRCodeTests */,
				6FC8465B1E7D328E004783EA /* QRCodeUITests */,
			);
		};
/* End PBXProject section */

/* Begin PBXResourcesBuildPhase section */
		6FC846381E7D328D004783EA /* Resources */ = {
			isa = PBXResourcesBuildPhase;
			buildActionMask = 2147483647;
			files = (
				6FC8464B1E7D328E004783EA /* LaunchScreen.storyboard in Resources */,
				6FC846481E7D328E004783EA /* Assets.xcassets in Resources */,
				6FC846431E7D328D004783EA /* Main.storyboard in Resources */,
			);
			runOnlyForDeploymentPostprocessing = 0;
		};
		6FC8464F1E7D328E004783EA /* Resources */ = {
			isa = PBXResourcesBuildPhase;
			buildActionMask = 2147483647;
			files = (
			);
			runOnlyForDeploymentPostprocessing = 0;
		};
		6FC8465A1E7D328E004783EA /* Resources */ = {
			isa = PBXResourcesBuildPhase;
			buildActionMask = 2147483647;
			files = (
			);
			runOnlyForDeploymentPostprocessing = 0;
		};
/* End PBXResourcesBuildPhase section */

/* Begin PBXSourcesBuildPhase section */
		6FC846361E7D328D004783EA /* Sources */ = {
			isa = PBXSourcesBuildPhase;
			buildActionMask = 2147483647;
			files = (
				6FC846401E7D328D004783EA /* ViewController.swift in Sources */,
				6FC846731E7D32E6004783EA /* WebViewController.swift in Sources */,
				6FC846461E7D328D004783EA /* QRCode.xcdatamodeld in Sources */,
				6FC8463E1E7D328D004783EA /* AppDelegate.swift in Sources */,
				6FC846721E7D32E6004783EA /* ScannerViewController.swift in Sources */,
				6FC846711E7D32E6004783EA /* ScannerBackgroundView.swift in Sources */,
			);
			runOnlyForDeploymentPostprocessing = 0;
		};
		6FC8464D1E7D328E004783EA /* Sources */ = {
			isa = PBXSourcesBuildPhase;
			buildActionMask = 2147483647;
			files = (
				6FC846561E7D328E004783EA /* QRCodeTests.swift in Sources */,
			);
			runOnlyForDeploymentPostprocessing = 0;
		};
		6FC846581E7D328E004783EA /* Sources */ = {
			isa = PBXSourcesBuildPhase;
			buildActionMask = 2147483647;
			files = (
				6FC846611E7D328E004783EA /* QRCodeUITests.swift in Sources */,
			);
			runOnlyForDeploymentPostprocessing = 0;
		};
/* End PBXSourcesBuildPhase section */

/* Begin PBXTargetDependency section */
		6FC846531E7D328E004783EA /* PBXTargetDependency */ = {
			isa = PBXTargetDependency;
			target = 6FC846391E7D328D004783EA /* QRCode */;
			targetProxy = 6FC846521E7D328E004783EA /* PBXContainerItemProxy */;
		};
		6FC8465E1E7D328E004783EA /* PBXTargetDependency */ = {
			isa = PBXTargetDependency;
			target = 6FC846391E7D328D004783EA /* QRCode */;
			targetProxy = 6FC8465D1E7D328E004783EA /* PBXContainerItemProxy */;
		};
/* End PBXTargetDependency section */

/* Begin PBXVariantGroup section */
		6FC846411E7D328D004783EA /* Main.storyboard */ = {
			isa = PBXVariantGroup;
			children = (
				6FC846421E7D328D004783EA /* Base */,
			);
			name = Main.storyboard;
			sourceTree = "<group>";
		};
		6FC846491E7D328E004783EA /* LaunchScreen.storyboard */ = {
			isa = PBXVariantGroup;
			children = (
				6FC8464A1E7D328E004783EA /* Base */,
			);
			name = LaunchScreen.storyboard;
			sourceTree = "<group>";
		};
/* End PBXVariantGroup section */

/* Begin XCBuildConfiguration section */
		6FC846631E7D328E004783EA /* Debug */ = {
			isa = XCBuildConfiguration;
			buildSettings = {
				ALWAYS_SEARCH_USER_PATHS = NO;
				CLANG_ANALYZER_NONNULL = YES;
				CLANG_CXX_LANGUAGE_STANDARD = "gnu++0x";
				CLANG_CXX_LIBRARY = "libc++";
				CLANG_ENABLE_MODULES = YES;
				CLANG_ENABLE_OBJC_ARC = YES;
				CLANG_WARN_BOOL_CONVERSION = YES;
				CLANG_WARN_CONSTANT_CONVERSION = YES;
				CLANG_WARN_DIRECT_OBJC_ISA_USAGE = YES_ERROR;
				CLANG_WARN_DOCUMENTATION_COMMENTS = YES;
				CLANG_WARN_EMPTY_BODY = YES;
				CLANG_WARN_ENUM_CONVERSION = YES;
				CLANG_WARN_INFINITE_RECURSION = YES;
				CLANG_WARN_INT_CONVERSION = YES;
				CLANG_WARN_OBJC_ROOT_CLASS = YES_ERROR;
				CLANG_WARN_SUSPICIOUS_MOVE = YES;
				CLANG_WARN_UNREACHABLE_CODE = YES;
				CLANG_WARN__DUPLICATE_METHOD_MATCH = YES;
				"CODE_SIGN_IDENTITY[sdk=iphoneos*]" = "iPhone Developer";
				COPY_PHASE_STRIP = NO;
				DEBUG_INFORMATION_FORMAT = dwarf;
				ENABLE_STRICT_OBJC_MSGSEND = YES;
				ENABLE_TESTABILITY = YES;
				GCC_C_LANGUAGE_STANDARD = gnu99;
				GCC_DYNAMIC_NO_PIC = NO;
				GCC_NO_COMMON_BLOCKS = YES;
				GCC_OPTIMIZATION_LEVEL = 0;
				GCC_PREPROCESSOR_DEFINITIONS = (
					"DEBUG=1",
					"$(inherited)",
				);
				GCC_WARN_64_TO_32_BIT_CONVERSION = YES;
				GCC_WARN_ABOUT_RETURN_TYPE = YES_ERROR;
				GCC_WARN_UNDECLARED_SELECTOR = YES;
				GCC_WARN_UNINITIALIZED_AUTOS = YES_AGGRESSIVE;
				GCC_WARN_UNUSED_FUNCTION = YES;
				GCC_WARN_UNUSED_VARIABLE = YES;
				IPHONEOS_DEPLOYMENT_TARGET = 10.2;
				MTL_ENABLE_DEBUG_INFO = YES;
				ONLY_ACTIVE_ARCH = YES;
				SDKROOT = iphoneos;
				SWIFT_ACTIVE_COMPILATION_CONDITIONS = DEBUG;
				SWIFT_OPTIMIZATION_LEVEL = "-Onone";
			};
			name = Debug;
		};
		6FC846641E7D328E004783EA /* Release */ = {
			isa = XCBuildConfiguration;
			buildSettings = {
				ALWAYS_SEARCH_USER_PATHS = NO;
				CLANG_ANALYZER_NONNULL = YES;
				CLANG_CXX_LANGUAGE_STANDARD = "gnu++0x";
				CLANG_CXX_LIBRARY = "libc++";
				CLANG_ENABLE_MODULES = YES;
				CLANG_ENABLE_OBJC_ARC = YES;
				CLANG_WARN_BOOL_CONVERSION = YES;
				CLANG_WARN_CONSTANT_CONVERSION = YES;
				CLANG_WARN_DIRECT_OBJC_ISA_USAGE = YES_ERROR;
				CLANG_WARN_DOCUMENTATION_COMMENTS = YES;
				CLANG_WARN_EMPTY_BODY = YES;
				CLANG_WARN_ENUM_CONVERSION = YES;
				CLANG_WARN_INFINITE_RECURSION = YES;
				CLANG_WARN_INT_CONVERSION = YES;
				CLANG_WARN_OBJC_ROOT_CLASS = YES_ERROR;
				CLANG_WARN_SUSPICIOUS_MOVE = YES;
				CLANG_WARN_UNREACHABLE_CODE = YES;
				CLANG_WARN__DUPLICATE_METHOD_MATCH = YES;
				"CODE_SIGN_IDENTITY[sdk=iphoneos*]" = "iPhone Developer";
				COPY_PHASE_STRIP = NO;
				DEBUG_INFORMATION_FORMAT = "dwarf-with-dsym";
				ENABLE_NS_ASSERTIONS = NO;
				ENABLE_STRICT_OBJC_MSGSEND = YES;
				GCC_C_LANGUAGE_STANDARD = gnu99;
				GCC_NO_COMMON_BLOCKS = YES;
				GCC_WARN_64_TO_32_BIT_CONVERSION = YES;
				GCC_WARN_ABOUT_RETURN_TYPE = YES_ERROR;
				GCC_WARN_UNDECLARED_SELECTOR = YES;
				GCC_WARN_UNINITIALIZED_AUTOS = YES_AGGRESSIVE;
				GCC_WARN_UNUSED_FUNCTION = YES;
				GCC_WARN_UNUSED_VARIABLE = YES;
				IPHONEOS_DEPLOYMENT_TARGET = 10.2;
				MTL_ENABLE_DEBUG_INFO = NO;
				SDKROOT = iphoneos;
				SWIFT_OPTIMIZATION_LEVEL = "-Owholemodule";
				VALIDATE_PRODUCT = YES;
			};
			name = Release;
		};
		6FC846661E7D328E004783EA /* Debug */ = {
			isa = XCBuildConfiguration;
			buildSettings = {
				ASSETCATALOG_COMPILER_APPICON_NAME = AppIcon;
				DEVELOPMENT_TEAM = X69H552D76;
				INFOPLIST_FILE = QRCode/Info.plist;
				LD_RUNPATH_SEARCH_PATHS = "$(inherited) @executable_path/Frameworks";
				PRODUCT_BUNDLE_IDENTIFIER = com.hemengjie.QRCode;
				PRODUCT_NAME = "$(TARGET_NAME)";
				SWIFT_VERSION = 3.0;
			};
			name = Debug;
		};
		6FC846671E7D328E004783EA /* Release */ = {
			isa = XCBuildConfiguration;
			buildSettings = {
				ASSETCATALOG_COMPILER_APPICON_NAME = AppIcon;
				DEVELOPMENT_TEAM = X69H552D76;
				INFOPLIST_FILE = QRCode/Info.plist;
				LD_RUNPATH_SEARCH_PATHS = "$(inherited) @executable_path/Frameworks";
				PRODUCT_BUNDLE_IDENTIFIER = com.hemengjie.QRCode;
				PRODUCT_NAME = "$(TARGET_NAME)";
				SWIFT_VERSION = 3.0;
			};
			name = Release;
		};
		6FC846691E7D328E004783EA /* Debug */ = {
			isa = XCBuildConfiguration;
			buildSettings = {
				ALWAYS_EMBED_SWIFT_STANDARD_LIBRARIES = YES;
				BUNDLE_LOADER = "$(TEST_HOST)";
				INFOPLIST_FILE = QRCodeTests/Info.plist;
				LD_RUNPATH_SEARCH_PATHS = "$(inherited) @executable_path/Frameworks @loader_path/Frameworks";
				PRODUCT_BUNDLE_IDENTIFIER = com.hemengjie.QRCodeTests;
				PRODUCT_NAME = "$(TARGET_NAME)";
				SWIFT_VERSION = 3.0;
				TEST_HOST = "$(BUILT_PRODUCTS_DIR)/QRCode.app/QRCode";
			};
			name = Debug;
		};
		6FC8466A1E7D328E004783EA /* Release */ = {
			isa = XCBuildConfiguration;
			buildSettings = {
				ALWAYS_EMBED_SWIFT_STANDARD_LIBRARIES = YES;
				BUNDLE_LOADER = "$(TEST_HOST)";
				INFOPLIST_FILE = QRCodeTests/Info.plist;
				LD_RUNPATH_SEARCH_PATHS = "$(inherited) @executable_path/Frameworks @loader_path/Frameworks";
				PRODUCT_BUNDLE_IDENTIFIER = com.hemengjie.QRCodeTests;
				PRODUCT_NAME = "$(TARGET_NAME)";
				SWIFT_VERSION = 3.0;
				TEST_HOST = "$(BUILT_PRODUCTS_DIR)/QRCode.app/QRCode";
			};
			name = Release;
		};
		6FC8466C1E7D328E004783EA /* Debug */ = {
			isa = XCBuildConfiguration;
			buildSettings = {
				ALWAYS_EMBED_SWIFT_STANDARD_LIBRARIES = YES;
				INFOPLIST_FILE = QRCodeUITests/Info.plist;
				LD_RUNPATH_SEARCH_PATHS = "$(inherited) @executable_path/Frameworks @loader_path/Frameworks";
				PRODUCT_BUNDLE_IDENTIFIER = com.hemengjie.QRCodeUITests;
				PRODUCT_NAME = "$(TARGET_NAME)";
				SWIFT_VERSION = 3.0;
				TEST_TARGET_NAME = QRCode;
			};
			name = Debug;
		};
		6FC8466D1E7D328E004783EA /* Release */ = {
			isa = XCBuildConfiguration;
			buildSettings = {
				ALWAYS_EMBED_SWIFT_STANDARD_LIBRARIES = YES;
				INFOPLIST_FILE = QRCodeUITests/Info.plist;
				LD_RUNPATH_SEARCH_PATHS = "$(inherited) @executable_path/Frameworks @loader_path/Frameworks";
				PRODUCT_BUNDLE_IDENTIFIER = com.hemengjie.QRCodeUITests;
				PRODUCT_NAME = "$(TARGET_NAME)";
				SWIFT_VERSION = 3.0;
				TEST_TARGET_NAME = QRCode;
			};
			name = Release;
		};
/* End XCBuildConfiguration section */

/* Begin XCConfigurationList section */
		6FC846351E7D328D004783EA /* Build configuration list for PBXProject "QRCode" */ = {
			isa = XCConfigurationList;
			buildConfigurations = (
				6FC846631E7D328E004783EA /* Debug */,
				6FC846641E7D328E004783EA /* Release */,
			);
			defaultConfigurationIsVisible = 0;
			defaultConfigurationName = Release;
		};
		6FC846651E7D328E004783EA /* Build configuration list for PBXNativeTarget "QRCode" */ = {
			isa = XCConfigurationList;
			buildConfigurations = (
				6FC846661E7D328E004783EA /* Debug */,
				6FC846671E7D328E004783EA /* Release */,
			);
			defaultConfigurationIsVisible = 0;
		};
		6FC846681E7D328E004783EA /* Build configuration list for PBXNativeTarget "QRCodeTests" */ = {
			isa = XCConfigurationList;
			buildConfigurations = (
				6FC846691E7D328E004783EA /* Debug */,
				6FC8466A1E7D328E004783EA /* Release */,
			);
			defaultConfigurationIsVisible = 0;
		};
		6FC8466B1E7D328E004783EA /* Build configuration list for PBXNativeTarget "QRCodeUITests" */ = {
			isa = XCConfigurationList;
			buildConfigurations = (
				6FC8466C1E7D328E004783EA /* Debug */,
				6FC8466D1E7D328E004783EA /* Release */,
			);
			defaultConfigurationIsVisible = 0;
		};
/* End XCConfigurationList section */

/* Begin XCVersionGroup section */
		6FC846441E7D328D004783EA /* QRCode.xcdatamodeld */ = {
			isa = XCVersionGroup;
			children = (
				6FC846451E7D328D004783EA /* QRCode.xcdatamodel */,
			);
			currentVersion = 6FC846451E7D328D004783EA /* QRCode.xcdatamodel */;
			path = QRCode.xcdatamodeld;
			sourceTree = "<group>";
			versionGroupType = wrapper.xcdatamodel;
		};
/* End XCVersionGroup section */
	};
	rootObject = 6FC846321E7D328D004783EA /* Project object */;
}
